// !$*UTF8*$!
{
	archiveVersion = 1;
	classes = {
	};
	objectVersion = 56;
	objects = {

/* Begin PBXBuildFile section */
		0C0D28472C54B8700003386F /* LandmarkDetails.swift in Sources */ = {isa = PBXBuildFile; fileRef = 0C0D28462C54B8700003386F /* LandmarkDetails.swift */; };
		0C7D51682C53877200AA78EC /* MapView.swift in Sources */ = {isa = PBXBuildFile; fileRef = 0C7D51672C53877200AA78EC /* MapView.swift */; };
		0C7D516A2C53886600AA78EC /* CircleImage.swift in Sources */ = {isa = PBXBuildFile; fileRef = 0C7D51692C53886600AA78EC /* CircleImage.swift */; };
		0C7D516C2C538BB600AA78EC /* LandMark.swift in Sources */ = {isa = PBXBuildFile; fileRef = 0C7D516B2C538BB600AA78EC /* LandMark.swift */; };
		0C7D516E2C538EC800AA78EC /* landmarkData.json in Resources */ = {isa = PBXBuildFile; fileRef = 0C7D516D2C538EC800AA78EC /* landmarkData.json */; };
		0C7D51702C538FB900AA78EC /* ModelData.swift in Sources */ = {isa = PBXBuildFile; fileRef = 0C7D516F2C538FB900AA78EC /* ModelData.swift */; };
		0C7D51772C5395BF00AA78EC /* LandmarkRow.swift in Sources */ = {isa = PBXBuildFile; fileRef = 0C7D51762C5395BF00AA78EC /* LandmarkRow.swift */; };
		0C7D51792C53A04600AA78EC /* LandmarkList.swift in Sources */ = {isa = PBXBuildFile; fileRef = 0C7D51782C53A04600AA78EC /* LandmarkList.swift */; };
		0CA76D582C54E93F0094ABA2 /* FavouriteButton.swift in Sources */ = {isa = PBXBuildFile; fileRef = 0CA76D572C54E93F0094ABA2 /* FavouriteButton.swift */; };
		0CA76D5A2C5522D80094ABA2 /* HexagonParameters.swift in Sources */ = {isa = PBXBuildFile; fileRef = 0CA76D592C5522D80094ABA2 /* HexagonParameters.swift */; };
		0CA76D5D2C5529380094ABA2 /* BadgeBackground.swift in Sources */ = {isa = PBXBuildFile; fileRef = 0CA76D5C2C5529380094ABA2 /* BadgeBackground.swift */; };
		0CE0B5412C4EAADD00A836D7 /* TempApp.swift in Sources */ = {isa = PBXBuildFile; fileRef = 0CE0B5402C4EAADD00A836D7 /* TempApp.swift */; };
		0CE0B5432C4EAADD00A836D7 /* ContentView.swift in Sources */ = {isa = PBXBuildFile; fileRef = 0CE0B5422C4EAADD00A836D7 /* ContentView.swift */; };
		0CE0B5452C4EAADF00A836D7 /* Assets.xcassets in Resources */ = {isa = PBXBuildFile; fileRef = 0CE0B5442C4EAADF00A836D7 /* Assets.xcassets */; };
		0CE0B5492C4EAADF00A836D7 /* Preview Assets.xcassets in Resources */ = {isa = PBXBuildFile; fileRef = 0CE0B5482C4EAADF00A836D7 /* Preview Assets.xcassets */; };
		0CE1189E2C67A4C200226504 /* Hike.swift in Sources */ = {isa = PBXBuildFile; fileRef = 0CE1189D2C67A4C200226504 /* Hike.swift */; };
		0CE118A02C67A4FB00226504 /* hikeData.json in Resources */ = {isa = PBXBuildFile; fileRef = 0CE1189F2C67A4FB00226504 /* hikeData.json */; };
		0CE118A62C67BA7A00226504 /* GraphCapsule.swift in Sources */ = {isa = PBXBuildFile; fileRef = 0CE118A12C67BA7900226504 /* GraphCapsule.swift */; };
		0CE118A72C67BA7A00226504 /* HikeDetail.swift in Sources */ = {isa = PBXBuildFile; fileRef = 0CE118A22C67BA7900226504 /* HikeDetail.swift */; };
		0CE118A82C67BA7A00226504 /* HikeGraph.swift in Sources */ = {isa = PBXBuildFile; fileRef = 0CE118A32C67BA7900226504 /* HikeGraph.swift */; };
		0CE118A92C67BA7A00226504 /* HikeView.swift in Sources */ = {isa = PBXBuildFile; fileRef = 0CE118A42C67BA7900226504 /* HikeView.swift */; };
		0CE118AB2C67CC2000226504 /* CategoryHome.swift in Sources */ = {isa = PBXBuildFile; fileRef = 0CE118AA2C67CC2000226504 /* CategoryHome.swift */; };
		0CE118AD2C67CE3200226504 /* CategoryRow.swift in Sources */ = {isa = PBXBuildFile; fileRef = 0CE118AC2C67CE3200226504 /* CategoryRow.swift */; };
		0CE118AF2C67D15E00226504 /* CategoryItem.swift in Sources */ = {isa = PBXBuildFile; fileRef = 0CE118AE2C67D15E00226504 /* CategoryItem.swift */; };
/* End PBXBuildFile section */

/* Begin PBXFileReference section */
		0C0D28462C54B8700003386F /* LandmarkDetails.swift */ = {isa = PBXFileReference; lastKnownFileType = sourcecode.swift; path = LandmarkDetails.swift; sourceTree = "<group>"; };
		0C7D51672C53877200AA78EC /* MapView.swift */ = {isa = PBXFileReference; lastKnownFileType = sourcecode.swift; path = MapView.swift; sourceTree = "<group>"; };
		0C7D51692C53886600AA78EC /* CircleImage.swift */ = {isa = PBXFileReference; lastKnownFileType = sourcecode.swift; path = CircleImage.swift; sourceTree = "<group>"; };
		0C7D516B2C538BB600AA78EC /* LandMark.swift */ = {isa = PBXFileReference; lastKnownFileType = sourcecode.swift; path = LandMark.swift; sourceTree = "<group>"; };
		0C7D516D2C538EC800AA78EC /* landmarkData.json */ = {isa = PBXFileReference; fileEncoding = 4; lastKnownFileType = text.json; name = landmarkData.json; path = Temp/Resources/landmarkData.json; sourceTree = SOURCE_ROOT; };
		0C7D516F2C538FB900AA78EC /* ModelData.swift */ = {isa = PBXFileReference; lastKnownFileType = sourcecode.swift; path = ModelData.swift; sourceTree = "<group>"; };
		0C7D51762C5395BF00AA78EC /* LandmarkRow.swift */ = {isa = PBXFileReference; lastKnownFileType = sourcecode.swift; path = LandmarkRow.swift; sourceTree = "<group>"; };
		0C7D51782C53A04600AA78EC /* LandmarkList.swift */ = {isa = PBXFileReference; lastKnownFileType = sourcecode.swift; path = LandmarkList.swift; sourceTree = "<group>"; };
		0CA76D572C54E93F0094ABA2 /* FavouriteButton.swift */ = {isa = PBXFileReference; lastKnownFileType = sourcecode.swift; path = FavouriteButton.swift; sourceTree = "<group>"; };
		0CA76D592C5522D80094ABA2 /* HexagonParameters.swift */ = {isa = PBXFileReference; lastKnownFileType = sourcecode.swift; path = HexagonParameters.swift; sourceTree = "<group>"; };
		0CA76D5C2C5529380094ABA2 /* BadgeBackground.swift */ = {isa = PBXFileReference; lastKnownFileType = sourcecode.swift; path = BadgeBackground.swift; sourceTree = "<group>"; };
		0CE0B53D2C4EAADD00A836D7 /* Temp.app */ = {isa = PBXFileReference; explicitFileType = wrapper.application; includeInIndex = 0; path = Temp.app; sourceTree = BUILT_PRODUCTS_DIR; };
		0CE0B5402C4EAADD00A836D7 /* TempApp.swift */ = {isa = PBXFileReference; lastKnownFileType = sourcecode.swift; path = TempApp.swift; sourceTree = "<group>"; };
		0CE0B5422C4EAADD00A836D7 /* ContentView.swift */ = {isa = PBXFileReference; lastKnownFileType = sourcecode.swift; path = ContentView.swift; sourceTree = "<group>"; };
		0CE0B5442C4EAADF00A836D7 /* Assets.xcassets */ = {isa = PBXFileReference; lastKnownFileType = folder.assetcatalog; path = Assets.xcassets; sourceTree = "<group>"; };
		0CE0B5462C4EAADF00A836D7 /* Temp.entitlements */ = {isa = PBXFileReference; lastKnownFileType = text.plist.entitlements; path = Temp.entitlements; sourceTree = "<group>"; };
		0CE0B5482C4EAADF00A836D7 /* Preview Assets.xcassets */ = {isa = PBXFileReference; lastKnownFileType = folder.assetcatalog; path = "Preview Assets.xcassets"; sourceTree = "<group>"; };
		0CE1189D2C67A4C200226504 /* Hike.swift */ = {isa = PBXFileReference; lastKnownFileType = sourcecode.swift; path = Hike.swift; sourceTree = "<group>"; };
		0CE1189F2C67A4FB00226504 /* hikeData.json */ = {isa = PBXFileReference; fileEncoding = 4; lastKnownFileType = text.json; path = hikeData.json; sourceTree = "<group>"; };
		0CE118A12C67BA7900226504 /* GraphCapsule.swift */ = {isa = PBXFileReference; fileEncoding = 4; lastKnownFileType = sourcecode.swift; path = GraphCapsule.swift; sourceTree = "<group>"; };
		0CE118A22C67BA7900226504 /* HikeDetail.swift */ = {isa = PBXFileReference; fileEncoding = 4; lastKnownFileType = sourcecode.swift; path = HikeDetail.swift; sourceTree = "<group>"; };
		0CE118A32C67BA7900226504 /* HikeGraph.swift */ = {isa = PBXFileReference; fileEncoding = 4; lastKnownFileType = sourcecode.swift; path = HikeGraph.swift; sourceTree = "<group>"; };
		0CE118A42C67BA7900226504 /* HikeView.swift */ = {isa = PBXFileReference; fileEncoding = 4; lastKnownFileType = sourcecode.swift; path = HikeView.swift; sourceTree = "<group>"; };
		0CE118AA2C67CC2000226504 /* CategoryHome.swift */ = {isa = PBXFileReference; lastKnownFileType = sourcecode.swift; path = CategoryHome.swift; sourceTree = "<group>"; };
		0CE118AC2C67CE3200226504 /* CategoryRow.swift */ = {isa = PBXFileReference; lastKnownFileType = sourcecode.swift; path = CategoryRow.swift; sourceTree = "<group>"; };
		0CE118AE2C67D15E00226504 /* CategoryItem.swift */ = {isa = PBXFileReference; lastKnownFileType = sourcecode.swift; path = CategoryItem.swift; sourceTree = "<group>"; };
/* End PBXFileReference section */

/* Begin PBXFrameworksBuildPhase section */
		0CE0B53A2C4EAADD00A836D7 /* Frameworks */ = {
			isa = PBXFrameworksBuildPhase;
			buildActionMask = 2147483647;
			files = (
			);
			runOnlyForDeploymentPostprocessing = 0;
		};
/* End PBXFrameworksBuildPhase section */

/* Begin PBXGroup section */
		0C7D51722C53952D00AA78EC /* Model */ = {
			isa = PBXGroup;
			children = (
				0C7D516F2C538FB900AA78EC /* ModelData.swift */,
				0C7D516B2C538BB600AA78EC /* LandMark.swift */,
			);
			path = Model;
			sourceTree = "<group>";
		};
		0C7D51742C53956A00AA78EC /* Resources */ = {
			isa = PBXGroup;
			children = (
				0CE1189F2C67A4FB00226504 /* hikeData.json */,
				0C7D516D2C538EC800AA78EC /* landmarkData.json */,
			);
			path = Resources;
			sourceTree = "<group>";
		};
		0C7D51752C53957800AA78EC /* Views */ = {
			isa = PBXGroup;
			children = (
				0C7D51672C53877200AA78EC /* MapView.swift */,
				0C7D51692C53886600AA78EC /* CircleImage.swift */,
				0CE0B5422C4EAADD00A836D7 /* ContentView.swift */,
				0C7D51762C5395BF00AA78EC /* LandmarkRow.swift */,
				0C7D51782C53A04600AA78EC /* LandmarkList.swift */,
				0C0D28462C54B8700003386F /* LandmarkDetails.swift */,
				0CA76D572C54E93F0094ABA2 /* FavouriteButton.swift */,
			);
			path = Views;
			sourceTree = "<group>";
		};
		0CA76D5B2C5529010094ABA2 /* Badge */ = {
			isa = PBXGroup;
			children = (
				0CA76D592C5522D80094ABA2 /* HexagonParameters.swift */,
				0CA76D5C2C5529380094ABA2 /* BadgeBackground.swift */,
			);
			path = Badge;
			sourceTree = "<group>";
		};
		0CE0B5342C4EAADD00A836D7 = {
			isa = PBXGroup;
			children = (
				0CE0B53F2C4EAADD00A836D7 /* Temp */,
				0CE0B53E2C4EAADD00A836D7 /* Products */,
			);
			sourceTree = "<group>";
		};
		0CE0B53E2C4EAADD00A836D7 /* Products */ = {
			isa = PBXGroup;
			children = (
				0CE0B53D2C4EAADD00A836D7 /* Temp.app */,
			);
			name = Products;
			sourceTree = "<group>";
		};
		0CE0B53F2C4EAADD00A836D7 /* Temp */ = {
			isa = PBXGroup;
			children = (
				0CE0B5402C4EAADD00A836D7 /* TempApp.swift */,
				0CE118B02C67D59600226504 /* Category */,
				0C7D51752C53957800AA78EC /* Views */,
				0CA76D5B2C5529010094ABA2 /* Badge */,
				0C7D51722C53952D00AA78EC /* Model */,
				0CE118A52C67BA7900226504 /* Hikes */,
				0CE1189C2C67A49900226504 /* Hike */,
				0C7D51742C53956A00AA78EC /* Resources */,
				0CE0B5442C4EAADF00A836D7 /* Assets.xcassets */,
				0CE0B5462C4EAADF00A836D7 /* Temp.entitlements */,
				0CE0B5472C4EAADF00A836D7 /* Preview Content */,
			);
			path = Temp;
			sourceTree = "<group>";
		};
		0CE0B5472C4EAADF00A836D7 /* Preview Content */ = {
			isa = PBXGroup;
			children = (
				0CE0B5482C4EAADF00A836D7 /* Preview Assets.xcassets */,
			);
			path = "Preview Content";
			sourceTree = "<group>";
		};
		0CE1189C2C67A49900226504 /* Hike */ = {
			isa = PBXGroup;
			children = (
				0CE1189D2C67A4C200226504 /* Hike.swift */,
			);
			path = Hike;
			sourceTree = "<group>";
		};
		0CE118A52C67BA7900226504 /* Hikes */ = {
			isa = PBXGroup;
			children = (
				0CE118A12C67BA7900226504 /* GraphCapsule.swift */,
				0CE118A22C67BA7900226504 /* HikeDetail.swift */,
				0CE118A32C67BA7900226504 /* HikeGraph.swift */,
				0CE118A42C67BA7900226504 /* HikeView.swift */,
			);
			path = Hikes;
			sourceTree = "<group>";
		};
		0CE118B02C67D59600226504 /* Category */ = {
			isa = PBXGroup;
			children = (
				0CE118AE2C67D15E00226504 /* CategoryItem.swift */,
				0CE118AA2C67CC2000226504 /* CategoryHome.swift */,
				0CE118AC2C67CE3200226504 /* CategoryRow.swift */,
			);
			path = Category;
			sourceTree = "<group>";
		};
/* End PBXGroup section */

/* Begin PBXNativeTarget section */
		0CE0B53C2C4EAADD00A836D7 /* Temp */ = {
			isa = PBXNativeTarget;
			buildConfigurationList = 0CE0B54C2C4EAADF00A836D7 /* Build configuration list for PBXNativeTarget "Temp" */;
			buildPhases = (
				0CE0B5392C4EAADD00A836D7 /* Sources */,
				0CE0B53A2C4EAADD00A836D7 /* Frameworks */,
				0CE0B53B2C4EAADD00A836D7 /* Resources */,
			);
			buildRules = (
			);
			dependencies = (
			);
			name = Temp;
			productName = Temp;
			productReference = 0CE0B53D2C4EAADD00A836D7 /* Temp.app */;
			productType = "com.apple.product-type.application";
		};
/* End PBXNativeTarget section */

/* Begin PBXProject section */
		0CE0B5352C4EAADD00A836D7 /* Project object */ = {
			isa = PBXProject;
			attributes = {
				BuildIndependentTargetsInParallel = 1;
				LastSwiftUpdateCheck = 1540;
				LastUpgradeCheck = 1540;
				TargetAttributes = {
					0CE0B53C2C4EAADD00A836D7 = {
						CreatedOnToolsVersion = 15.4;
					};
				};
			};
			buildConfigurationList = 0CE0B5382C4EAADD00A836D7 /* Build configuration list for PBXProject "Temp" */;
			compatibilityVersion = "Xcode 14.0";
			developmentRegion = en;
			hasScannedForEncodings = 0;
			knownRegions = (
				en,
				Base,
			);
			mainGroup = 0CE0B5342C4EAADD00A836D7;
			productRefGroup = 0CE0B53E2C4EAADD00A836D7 /* Products */;
			projectDirPath = "";
			projectRoot = "";
			targets = (
				0CE0B53C2C4EAADD00A836D7 /* Temp */,
			);
		};
/* End PBXProject section */

/* Begin PBXResourcesBuildPhase section */
		0CE0B53B2C4EAADD00A836D7 /* Resources */ = {
			isa = PBXResourcesBuildPhase;
			buildActionMask = 2147483647;
			files = (
				0CE118A02C67A4FB00226504 /* hikeData.json in Resources */,
				0CE0B5492C4EAADF00A836D7 /* Preview Assets.xcassets in Resources */,
				0CE0B5452C4EAADF00A836D7 /* Assets.xcassets in Resources */,
				0C7D516E2C538EC800AA78EC /* landmarkData.json in Resources */,
			);
			runOnlyForDeploymentPostprocessing = 0;
		};
/* End PBXResourcesBuildPhase section */

/* Begin PBXSourcesBuildPhase section */
		0CE0B5392C4EAADD00A836D7 /* Sources */ = {
			isa = PBXSourcesBuildPhase;
			buildActionMask = 2147483647;
			files = (
				0CE0B5432C4EAADD00A836D7 /* ContentView.swift in Sources */,
				0C7D51772C5395BF00AA78EC /* LandmarkRow.swift in Sources */,
				0C7D516C2C538BB600AA78EC /* LandMark.swift in Sources */,
				0C7D51792C53A04600AA78EC /* LandmarkList.swift in Sources */,
				0CE1189E2C67A4C200226504 /* Hike.swift in Sources */,
				0CE118A92C67BA7A00226504 /* HikeView.swift in Sources */,
				0CA76D5A2C5522D80094ABA2 /* HexagonParameters.swift in Sources */,
				0CE118A62C67BA7A00226504 /* GraphCapsule.swift in Sources */,
				0C7D516A2C53886600AA78EC /* CircleImage.swift in Sources */,
				0CA76D582C54E93F0094ABA2 /* FavouriteButton.swift in Sources */,
				0CE118AB2C67CC2000226504 /* CategoryHome.swift in Sources */,
				0CA76D5D2C5529380094ABA2 /* BadgeBackground.swift in Sources */,
				0C7D51682C53877200AA78EC /* MapView.swift in Sources */,
				0CE0B5412C4EAADD00A836D7 /* TempApp.swift in Sources */,
				0C7D51702C538FB900AA78EC /* ModelData.swift in Sources */,
				0CE118A82C67BA7A00226504 /* HikeGraph.swift in Sources */,
				0C0D28472C54B8700003386F /* LandmarkDetails.swift in Sources */,
				0CE118A72C67BA7A00226504 /* HikeDetail.swift in Sources */,
				0CE118AF2C67D15E00226504 /* CategoryItem.swift in Sources */,
				0CE118AD2C67CE3200226504 /* CategoryRow.swift in Sources */,
			);
			runOnlyForDeploymentPostprocessing = 0;
		};
/* End PBXSourcesBuildPhase section */

/* Begin XCBuildConfiguration section */
		0CE0B54A2C4EAADF00A836D7 /* Debug */ = {
			isa = XCBuildConfiguration;
			buildSettings = {
				ALWAYS_SEARCH_USER_PATHS = NO;
				ASSETCATALOG_COMPILER_GENERATE_SWIFT_ASSET_SYMBOL_EXTENSIONS = YES;
				CLANG_ANALYZER_NONNULL = YES;
				CLANG_ANALYZER_NUMBER_OBJECT_CONVERSION = YES_AGGRESSIVE;
				CLANG_CXX_LANGUAGE_STANDARD = "gnu++20";
				CLANG_ENABLE_MODULES = YES;
				CLANG_ENABLE_OBJC_ARC = YES;
				CLANG_ENABLE_OBJC_WEAK = YES;
				CLANG_WARN_BLOCK_CAPTURE_AUTORELEASING = YES;
				CLANG_WARN_BOOL_CONVERSION = YES;
				CLANG_WARN_COMMA = YES;
				CLANG_WARN_CONSTANT_CONVERSION = YES;
				CLANG_WARN_DEPRECATED_OBJC_IMPLEMENTATIONS = YES;
				CLANG_WARN_DIRECT_OBJC_ISA_USAGE = YES_ERROR;
				CLANG_WARN_DOCUMENTATION_COMMENTS = YES;
				CLANG_WARN_EMPTY_BODY = YES;
				CLANG_WARN_ENUM_CONVERSION = YES;
				CLANG_WARN_INFINITE_RECURSION = YES;
				CLANG_WARN_INT_CONVERSION = YES;
				CLANG_WARN_NON_LITERAL_NULL_CONVERSION = YES;
				CLANG_WARN_OBJC_IMPLICIT_RETAIN_SELF = YES;
				CLANG_WARN_OBJC_LITERAL_CONVERSION = YES;
				CLANG_WARN_OBJC_ROOT_CLASS = YES_ERROR;
				CLANG_WARN_QUOTED_INCLUDE_IN_FRAMEWORK_HEADER = YES;
				CLANG_WARN_RANGE_LOOP_ANALYSIS = YES;
				CLANG_WARN_STRICT_PROTOTYPES = YES;
				CLANG_WARN_SUSPICIOUS_MOVE = YES;
				CLANG_WARN_UNGUARDED_AVAILABILITY = YES_AGGRESSIVE;
				CLANG_WARN_UNREACHABLE_CODE = YES;
				CLANG_WARN__DUPLICATE_METHOD_MATCH = YES;
				COPY_PHASE_STRIP = NO;
				DEBUG_INFORMATION_FORMAT = dwarf;
				ENABLE_STRICT_OBJC_MSGSEND = YES;
				ENABLE_TESTABILITY = YES;
				ENABLE_USER_SCRIPT_SANDBOXING = YES;
				GCC_C_LANGUAGE_STANDARD = gnu17;
				GCC_DYNAMIC_NO_PIC = NO;
				GCC_NO_COMMON_BLOCKS = YES;
				GCC_OPTIMIZATION_LEVEL = 0;
				GCC_PREPROCESSOR_DEFINITIONS = (
					"DEBUG=1",
					"$(inherited)",
				);
				GCC_WARN_64_TO_32_BIT_CONVERSION = YES;
				GCC_WARN_ABOUT_RETURN_TYPE = YES_ERROR;
				GCC_WARN_UNDECLARED_SELECTOR = YES;
				GCC_WARN_UNINITIALIZED_AUTOS = YES_AGGRESSIVE;
				GCC_WARN_UNUSED_FUNCTION = YES;
				GCC_WARN_UNUSED_VARIABLE = YES;
				LOCALIZATION_PREFERS_STRING_CATALOGS = YES;
				MTL_ENABLE_DEBUG_INFO = INCLUDE_SOURCE;
				MTL_FAST_MATH = YES;
				ONLY_ACTIVE_ARCH = YES;
				SWIFT_ACTIVE_COMPILATION_CONDITIONS = "DEBUG $(inherited)";
				SWIFT_OPTIMIZATION_LEVEL = "-Onone";
			};
			name = Debug;
		};
		0CE0B54B2C4EAADF00A836D7 /* Release */ = {
			isa = XCBuildConfiguration;
			buildSettings = {
				ALWAYS_SEARCH_USER_PATHS = NO;
				ASSETCATALOG_COMPILER_GENERATE_SWIFT_ASSET_SYMBOL_EXTENSIONS = YES;
				CLANG_ANALYZER_NONNULL = YES;
				CLANG_ANALYZER_NUMBER_OBJECT_CONVERSION = YES_AGGRESSIVE;
				CLANG_CXX_LANGUAGE_STANDARD = "gnu++20";
				CLANG_ENABLE_MODULES = YES;
				CLANG_ENABLE_OBJC_ARC = YES;
				CLANG_ENABLE_OBJC_WEAK = YES;
				CLANG_WARN_BLOCK_CAPTURE_AUTORELEASING = YES;
				CLANG_WARN_BOOL_CONVERSION = YES;
				CLANG_WARN_COMMA = YES;
				CLANG_WARN_CONSTANT_CONVERSION = YES;
				CLANG_WARN_DEPRECATED_OBJC_IMPLEMENTATIONS = YES;
				CLANG_WARN_DIRECT_OBJC_ISA_USAGE = YES_ERROR;
				CLANG_WARN_DOCUMENTATION_COMMENTS = YES;
				CLANG_WARN_EMPTY_BODY = YES;
				CLANG_WARN_ENUM_CONVERSION = YES;
				CLANG_WARN_INFINITE_RECURSION = YES;
				CLANG_WARN_INT_CONVERSION = YES;
				CLANG_WARN_NON_LITERAL_NULL_CONVERSION = YES;
				CLANG_WARN_OBJC_IMPLICIT_RETAIN_SELF = YES;
				CLANG_WARN_OBJC_LITERAL_CONVERSION = YES;
				CLANG_WARN_OBJC_ROOT_CLASS = YES_ERROR;
				CLANG_WARN_QUOTED_INCLUDE_IN_FRAMEWORK_HEADER = YES;
				CLANG_WARN_RANGE_LOOP_ANALYSIS = YES;
				CLANG_WARN_STRICT_PROTOTYPES = YES;
				CLANG_WARN_SUSPICIOUS_MOVE = YES;
				CLANG_WARN_UNGUARDED_AVAILABILITY = YES_AGGRESSIVE;
				CLANG_WARN_UNREACHABLE_CODE = YES;
				CLANG_WARN__DUPLICATE_METHOD_MATCH = YES;
				COPY_PHASE_STRIP = NO;
				DEBUG_INFORMATION_FORMAT = "dwarf-with-dsym";
				ENABLE_NS_ASSERTIONS = NO;
				ENABLE_STRICT_OBJC_MSGSEND = YES;
				ENABLE_USER_SCRIPT_SANDBOXING = YES;
				GCC_C_LANGUAGE_STANDARD = gnu17;
				GCC_NO_COMMON_BLOCKS = YES;
				GCC_WARN_64_TO_32_BIT_CONVERSION = YES;
				GCC_WARN_ABOUT_RETURN_TYPE = YES_ERROR;
				GCC_WARN_UNDECLARED_SELECTOR = YES;
				GCC_WARN_UNINITIALIZED_AUTOS = YES_AGGRESSIVE;
				GCC_WARN_UNUSED_FUNCTION = YES;
				GCC_WARN_UNUSED_VARIABLE = YES;
				LOCALIZATION_PREFERS_STRING_CATALOGS = YES;
				MTL_ENABLE_DEBUG_INFO = NO;
				MTL_FAST_MATH = YES;
				SWIFT_COMPILATION_MODE = wholemodule;
			};
			name = Release;
		};
		0CE0B54D2C4EAADF00A836D7 /* Debug */ = {
			isa = XCBuildConfiguration;
			buildSettings = {
				ASSETCATALOG_COMPILER_APPICON_NAME = AppIcon;
				ASSETCATALOG_COMPILER_GLOBAL_ACCENT_COLOR_NAME = AccentColor;
				CODE_SIGN_ENTITLEMENTS = Temp/Temp.entitlements;
				CODE_SIGN_STYLE = Automatic;
				CURRENT_PROJECT_VERSION = 1;
				DEVELOPMENT_ASSET_PATHS = "\"Temp/Preview Content\"";
				DEVELOPMENT_TEAM = X5PUMWNFN8;
				ENABLE_PREVIEWS = YES;
				GENERATE_INFOPLIST_FILE = YES;
				"INFOPLIST_KEY_UIApplicationSceneManifest_Generation[sdk=iphoneos*]" = YES;
				"INFOPLIST_KEY_UIApplicationSceneManifest_Generation[sdk=iphonesimulator*]" = YES;
				"INFOPLIST_KEY_UIApplicationSupportsIndirectInputEvents[sdk=iphoneos*]" = YES;
				"INFOPLIST_KEY_UIApplicationSupportsIndirectInputEvents[sdk=iphonesimulator*]" = YES;
				"INFOPLIST_KEY_UILaunchScreen_Generation[sdk=iphoneos*]" = YES;
				"INFOPLIST_KEY_UILaunchScreen_Generation[sdk=iphonesimulator*]" = YES;
				"INFOPLIST_KEY_UIStatusBarStyle[sdk=iphoneos*]" = UIStatusBarStyleDefault;
				"INFOPLIST_KEY_UIStatusBarStyle[sdk=iphonesimulator*]" = UIStatusBarStyleDefault;
				INFOPLIST_KEY_UISupportedInterfaceOrientations_iPad = "UIInterfaceOrientationPortrait UIInterfaceOrientationPortraitUpsideDown UIInterfaceOrientationLandscapeLeft UIInterfaceOrientationLandscapeRight";
				INFOPLIST_KEY_UISupportedInterfaceOrientations_iPhone = "UIInterfaceOrientationPortrait UIInterfaceOrientationLandscapeLeft UIInterfaceOrientationLandscapeRight";
				IPHONEOS_DEPLOYMENT_TARGET = 17.5;
				LD_RUNPATH_SEARCH_PATHS = "@executable_path/Frameworks";
				"LD_RUNPATH_SEARCH_PATHS[sdk=macosx*]" = "@executable_path/../Frameworks";
				MACOSX_DEPLOYMENT_TARGET = 14.5;
				MARKETING_VERSION = 1.0;
				PRODUCT_BUNDLE_IDENTIFIER = mycompany.Temp;
				PRODUCT_NAME = "$(TARGET_NAME)";
				SDKROOT = auto;
				SUPPORTED_PLATFORMS = "iphoneos iphonesimulator macosx";
				SWIFT_EMIT_LOC_STRINGS = YES;
				SWIFT_VERSION = 5.0;
				TARGETED_DEVICE_FAMILY = "1,2";
			};
			name = Debug;
		};
		0CE0B54E2C4EAADF00A836D7 /* Release */ = {
			isa = XCBuildConfiguration;
			buildSettings = {
				ASSETCATALOG_COMPILER_APPICON_NAME = AppIcon;
				ASSETCATALOG_COMPILER_GLOBAL_ACCENT_COLOR_NAME = AccentColor;
				CODE_SIGN_ENTITLEMENTS = Temp/Temp.entitlements;
				CODE_SIGN_STYLE = Automatic;
				CURRENT_PROJECT_VERSION = 1;
				DEVELOPMENT_ASSET_PATHS = "\"Temp/Preview Content\"";
				DEVELOPMENT_TEAM = X5PUMWNFN8;
				ENABLE_PREVIEWS = YES;
				GENERATE_INFOPLIST_FILE = YES;
				"INFOPLIST_KEY_UIApplicationSceneManifest_Generation[sdk=iphoneos*]" = YES;
				"INFOPLIST_KEY_UIApplicationSceneManifest_Generation[sdk=iphonesimulator*]" = YES;
				"INFOPLIST_KEY_UIApplicationSupportsIndirectInputEvents[sdk=iphoneos*]" = YES;
				"INFOPLIST_KEY_UIApplicationSupportsIndirectInputEvents[sdk=iphonesimulator*]" = YES;
				"INFOPLIST_KEY_UILaunchScreen_Generation[sdk=iphoneos*]" = YES;
				"INFOPLIST_KEY_UILaunchScreen_Generation[sdk=iphonesimulator*]" = YES;
				"INFOPLIST_KEY_UIStatusBarStyle[sdk=iphoneos*]" = UIStatusBarStyleDefault;
				"INFOPLIST_KEY_UIStatusBarStyle[sdk=iphonesimulator*]" = UIStatusBarStyleDefault;
				INFOPLIST_KEY_UISupportedInterfaceOrientations_iPad = "UIInterfaceOrientationPortrait UIInterfaceOrientationPortraitUpsideDown UIInterfaceOrientationLandscapeLeft UIInterfaceOrientationLandscapeRight";
				INFOPLIST_KEY_UISupportedInterfaceOrientations_iPhone = "UIInterfaceOrientationPortrait UIInterfaceOrientationLandscapeLeft UIInterfaceOrientationLandscapeRight";
				IPHONEOS_DEPLOYMENT_TARGET = 17.5;
				LD_RUNPATH_SEARCH_PATHS = "@executable_path/Frameworks";
				"LD_RUNPATH_SEARCH_PATHS[sdk=macosx*]" = "@executable_path/../Frameworks";
				MACOSX_DEPLOYMENT_TARGET = 14.5;
				MARKETING_VERSION = 1.0;
				PRODUCT_BUNDLE_IDENTIFIER = mycompany.Temp;
				PRODUCT_NAME = "$(TARGET_NAME)";
				SDKROOT = auto;
				SUPPORTED_PLATFORMS = "iphoneos iphonesimulator macosx";
				SWIFT_EMIT_LOC_STRINGS = YES;
				SWIFT_VERSION = 5.0;
				TARGETED_DEVICE_FAMILY = "1,2";
			};
			name = Release;
		};
/* End XCBuildConfiguration section */

/* Begin XCConfigurationList section */
		0CE0B5382C4EAADD00A836D7 /* Build configuration list for PBXProject "Temp" */ = {
			isa = XCConfigurationList;
			buildConfigurations = (
				0CE0B54A2C4EAADF00A836D7 /* Debug */,
				0CE0B54B2C4EAADF00A836D7 /* Release */,
			);
			defaultConfigurationIsVisible = 0;
			defaultConfigurationName = Release;
		};
		0CE0B54C2C4EAADF00A836D7 /* Build configuration list for PBXNativeTarget "Temp" */ = {
			isa = XCConfigurationList;
			buildConfigurations = (
				0CE0B54D2C4EAADF00A836D7 /* Debug */,
				0CE0B54E2C4EAADF00A836D7 /* Release */,
			);
			defaultConfigurationIsVisible = 0;
			defaultConfigurationName = Release;
		};
/* End XCConfigurationList section */
	};
	rootObject = 0CE0B5352C4EAADD00A836D7 /* Project object */;
}
